
Microsoft Visual Studio Solution File, Format Version 12.00
# Visual Studio Version 17
VisualStudioVersion = 17.14.36414.22 d17.14
MinimumVisualStudioVersion = 10.0.40219.1
Project("{FAE04EC0-301F-11D3-BF4B-00C04F79EFBC}") = "adminservice", "adminservice\adminservice.csproj", "{07C8CE44-1DF4-4500-8733-97B0693796DC}"
EndProject
Global
	GlobalSection(SolutionConfigurationPlatforms) = preSolution
		Debug|Any CPU = Debug|Any CPU
		Release|Any CPU = Release|Any CPU
	EndGlobalSection
	GlobalSection(ProjectConfigurationPlatforms) = postSolution
		{07C8CE44-1DF4-4500-8733-97B0693796DC}.Debug|Any CPU.ActiveCfg = Debug|Any CPU
		{07C8CE44-1DF4-4500-8733-97B0693796DC}.Debug|Any CPU.Build.0 = Debug|Any CPU
		{07C8CE44-1DF4-4500-8733-97B0693796DC}.Release|Any CPU.ActiveCfg = Release|Any CPU
		{07C8CE44-1DF4-4500-8733-97B0693796DC}.Release|Any CPU.Build.0 = Release|Any CPU
	EndGlobalSection
	GlobalSection(SolutionProperties) = preSolution
		HideSolutionNode = FALSE
	EndGlobalSection
	GlobalSection(ExtensibilityGlobals) = postSolution
		SolutionGuid = {0EBE82BA-27A5-4833-BF72-58C95B273130}
	EndGlobalSection
EndGlobal
